
Microsoft Visual Studio Solution File, Format Version 12.00
# Visual Studio Version 18
VisualStudioVersion = 18.1.11312.151
MinimumVisualStudioVersion = 10.0.40219.1
Project("{2150E333-8FDC-42A3-9474-1A3956D46DE8}") = "0 - Core", "0 - Core", "{019F5A8A-E7A1-4FC5-B48B-60F4B99BA6DD}"
EndProject
Project("{2150E333-8FDC-42A3-9474-1A3956D46DE8}") = "3 - Domain", "3 - Domain", "{DE241CCF-9BC6-4F8C-9E86-52C9ED4F7468}"
EndProject
Project("{FAE04EC0-301F-11D3-BF4B-00C04F79EFBC}") = "Miniclip.Simulator.Domain", "Miniclip.Simulator.Domain\Miniclip.Simulator.Domain.csproj", "{3C525DB2-DC43-44D2-B88F-95C2CAEE2D23}"
EndProject
Project("{FAE04EC0-301F-11D3-BF4B-00C04F79EFBC}") = "Miniclip.Core", "Miniclip.Core\Miniclip.Core.csproj", "{1AFDB499-FC20-45F4-8B93-0976B3D0DE40}"
EndProject
Project("{FAE04EC0-301F-11D3-BF4B-00C04F79EFBC}") = "Miniclip.Core.Tests", "Miniclip.Core.Tests\Miniclip.Core.Tests.csproj", "{474BFA2A-B036-4662-B28E-D8773353273A}"
EndProject
Project("{2150E333-8FDC-42A3-9474-1A3956D46DE8}") = "6 - Tests", "6 - Tests", "{AE9C4A53-80F3-4A99-A99F-E80DE81615B6}"
EndProject
Project("{FAE04EC0-301F-11D3-BF4B-00C04F79EFBC}") = "Miniclip.Simulator.Domain.UnitTests", "Miniclip.Simulator.Domain.UnitTests\Miniclip.Simulator.Domain.UnitTests.csproj", "{500E7086-283D-1BC9-BBFD-A254980B8113}"
EndProject
Project("{2150E333-8FDC-42A3-9474-1A3956D46DE8}") = "Solution Items", "Solution Items", "{64CC576A-0E0B-445B-ADEA-A52490CCEC75}"
	ProjectSection(SolutionItems) = preProject
		Directory.Packages.props = Directory.Packages.props
	EndProjectSection
EndProject
Project("{FAE04EC0-301F-11D3-BF4B-00C04F79EFBC}") = "Miniclip.Core.Domain", "Miniclip.Core.Domain\Miniclip.Core.Domain.csproj", "{8D377D63-1E1C-4653-A468-3CD393438E9C}"
EndProject
Project("{2150E333-8FDC-42A3-9474-1A3956D46DE8}") = "1 - Web Api", "1 - Web Api", "{E658381E-E2B2-4E16-A9C6-ADC0BDB16834}"
EndProject
Project("{2150E333-8FDC-42A3-9474-1A3956D46DE8}") = "2 - Application", "2 - Application", "{4B7CBEDC-CEFD-4A1E-843A-29AE14217C12}"
EndProject
Project("{2150E333-8FDC-42A3-9474-1A3956D46DE8}") = "5 - Infrastructure", "5 - Infrastructure", "{5BFE56AA-5A28-4F3A-8AED-5AAF851F4468}"
EndProject
Project("{2150E333-8FDC-42A3-9474-1A3956D46DE8}") = "4 - Read Models", "4 - Read Models", "{2B41BF8D-60FC-4390-A995-9D9CE1F9AC9D}"
EndProject
Project("{FAE04EC0-301F-11D3-BF4B-00C04F79EFBC}") = "Miniclip.Simulator.ReadModels", "Miniclip.Simulator.ReadModels\Miniclip.Simulator.ReadModels.csproj", "{E8F65341-8BA6-4215-9E31-69AAC037746E}"
EndProject
Project("{FAE04EC0-301F-11D3-BF4B-00C04F79EFBC}") = "Miniclip.Simulator.Application.Commands", "Miniclip.Simulator.Application.Commands\Miniclip.Simulator.Application.Commands.csproj", "{132CF79C-F2D4-4C13-B9F7-F4C90177195A}"
EndProject
Project("{FAE04EC0-301F-11D3-BF4B-00C04F79EFBC}") = "Miniclip.Simulator.Application.Queries", "Miniclip.Simulator.Application.Queries\Miniclip.Simulator.Application.Queries.csproj", "{1994CD18-1537-4772-88A6-06128C499955}"
EndProject
Project("{FAE04EC0-301F-11D3-BF4B-00C04F79EFBC}") = "Miniclip.Simulator.ReadModels.Projections", "Miniclip.Simulator.ReadModels.Projections\Miniclip.Simulator.ReadModels.Projections.csproj", "{210E2FCC-027D-4E19-A00B-33CA15CD00B6}"
EndProject
Project("{FAE04EC0-301F-11D3-BF4B-00C04F79EFBC}") = "Miniclip.Core.Application", "Miniclip.Core.Application\Miniclip.Core.Application.csproj", "{8B230633-D466-EA1E-1415-AEB29B489B55}"
EndProject
Project("{FAE04EC0-301F-11D3-BF4B-00C04F79EFBC}") = "Miniclip.Core.ReadModels", "Miniclip.Core.ReadModels\Miniclip.Core.ReadModels.csproj", "{31E41D79-9A74-4A52-8C24-1934F2C57CA7}"
EndProject
Project("{FAE04EC0-301F-11D3-BF4B-00C04F79EFBC}") = "Miniclip.Core.EF", "Miniclip.Core.EF\Miniclip.Core.EF.csproj", "{499675D6-0D92-4654-A2D4-CE0C363B2FAA}"
EndProject
Project("{FAE04EC0-301F-11D3-BF4B-00C04F79EFBC}") = "Miniclip.Simulator.Infrastructure.Write", "Miniclip.Simulator.Infrastructure.Write\Miniclip.Simulator.Infrastructure.Write.csproj", "{72CC567E-E9FB-4361-BFD8-B19BC0E5C1AA}"
EndProject
Project("{FAE04EC0-301F-11D3-BF4B-00C04F79EFBC}") = "Miniclip.Simulator.Infrastructure.Read", "Miniclip.Simulator.Infrastructure.Read\Miniclip.Simulator.Infrastructure.Read.csproj", "{029584A5-46E4-436D-B2EC-837E13D09E13}"
EndProject
Project("{FAE04EC0-301F-11D3-BF4B-00C04F79EFBC}") = "Miniclip.Simulator.Api", "Miniclip.Simulator.Api\Miniclip.Simulator.Api.csproj", "{5DA0FF80-8371-4BDF-BD66-B7CB4A306CB6}"
EndProject
Project("{FAE04EC0-301F-11D3-BF4B-00C04F79EFBC}") = "Miniclip.Core.ReadModels.Projections", "Miniclip.Core.ReadModels.Projections\Miniclip.Core.ReadModels.Projections.csproj", "{CFFE8A88-3620-4A90-942C-88A184330E19}"
EndProject
Project("{FAE04EC0-301F-11D3-BF4B-00C04F79EFBC}") = "Miniclip.Simulator.ReadModels.Projections.UnitTests", "Miniclip.Simulator.ReadModels.Projections.UnitTests\Miniclip.Simulator.ReadModels.Projections.UnitTests.csproj", "{CB7B1987-AA3A-40C2-B002-E904AC70FE33}"
EndProject
Project("{FAE04EC0-301F-11D3-BF4B-00C04F79EFBC}") = "Miniclip.Simulator.Application.Commands.UnitTests", "Miniclip.Simulator.Application.Commands.UnitTests\Miniclip.Simulator.Application.Commands.UnitTests.csproj", "{E33CF383-EA70-4BF2-8B97-370C12E699A5}"
EndProject
Global
	GlobalSection(SolutionConfigurationPlatforms) = preSolution
		Debug|Any CPU = Debug|Any CPU
		Debug|x64 = Debug|x64
		Debug|x86 = Debug|x86
		Release|Any CPU = Release|Any CPU
		Release|x64 = Release|x64
		Release|x86 = Release|x86
	EndGlobalSection
	GlobalSection(ProjectConfigurationPlatforms) = postSolution
		{3C525DB2-DC43-44D2-B88F-95C2CAEE2D23}.Debug|Any CPU.ActiveCfg = Debug|Any CPU
		{3C525DB2-DC43-44D2-B88F-95C2CAEE2D23}.Debug|Any CPU.Build.0 = Debug|Any CPU
		{3C525DB2-DC43-44D2-B88F-95C2CAEE2D23}.Debug|x64.ActiveCfg = Debug|Any CPU
		{3C525DB2-DC43-44D2-B88F-95C2CAEE2D23}.Debug|x64.Build.0 = Debug|Any CPU
		{3C525DB2-DC43-44D2-B88F-95C2CAEE2D23}.Debug|x86.ActiveCfg = Debug|Any CPU
		{3C525DB2-DC43-44D2-B88F-95C2CAEE2D23}.Debug|x86.Build.0 = Debug|Any CPU
		{3C525DB2-DC43-44D2-B88F-95C2CAEE2D23}.Release|Any CPU.ActiveCfg = Release|Any CPU
		{3C525DB2-DC43-44D2-B88F-95C2CAEE2D23}.Release|Any CPU.Build.0 = Release|Any CPU
		{3C525DB2-DC43-44D2-B88F-95C2CAEE2D23}.Release|x64.ActiveCfg = Release|Any CPU
		{3C525DB2-DC43-44D2-B88F-95C2CAEE2D23}.Release|x64.Build.0 = Release|Any CPU
		{3C525DB2-DC43-44D2-B88F-95C2CAEE2D23}.Release|x86.ActiveCfg = Release|Any CPU
		{3C525DB2-DC43-44D2-B88F-95C2CAEE2D23}.Release|x86.Build.0 = Release|Any CPU
		{1AFDB499-FC20-45F4-8B93-0976B3D0DE40}.Debug|Any CPU.ActiveCfg = Debug|Any CPU
		{1AFDB499-FC20-45F4-8B93-0976B3D0DE40}.Debug|Any CPU.Build.0 = Debug|Any CPU
		{1AFDB499-FC20-45F4-8B93-0976B3D0DE40}.Debug|x64.ActiveCfg = Debug|Any CPU
		{1AFDB499-FC20-45F4-8B93-0976B3D0DE40}.Debug|x64.Build.0 = Debug|Any CPU
		{1AFDB499-FC20-45F4-8B93-0976B3D0DE40}.Debug|x86.ActiveCfg = Debug|Any CPU
		{1AFDB499-FC20-45F4-8B93-0976B3D0DE40}.Debug|x86.Build.0 = Debug|Any CPU
		{1AFDB499-FC20-45F4-8B93-0976B3D0DE40}.Release|Any CPU.ActiveCfg = Release|Any CPU
		{1AFDB499-FC20-45F4-8B93-0976B3D0DE40}.Release|Any CPU.Build.0 = Release|Any CPU
		{1AFDB499-FC20-45F4-8B93-0976B3D0DE40}.Release|x64.ActiveCfg = Release|Any CPU
		{1AFDB499-FC20-45F4-8B93-0976B3D0DE40}.Release|x64.Build.0 = Release|Any CPU
		{1AFDB499-FC20-45F4-8B93-0976B3D0DE40}.Release|x86.ActiveCfg = Release|Any CPU
		{1AFDB499-FC20-45F4-8B93-0976B3D0DE40}.Release|x86.Build.0 = Release|Any CPU
		{474BFA2A-B036-4662-B28E-D8773353273A}.Debug|Any CPU.ActiveCfg = Debug|Any CPU
		{474BFA2A-B036-4662-B28E-D8773353273A}.Debug|Any CPU.Build.0 = Debug|Any CPU
		{474BFA2A-B036-4662-B28E-D8773353273A}.Debug|x64.ActiveCfg = Debug|Any CPU
		{474BFA2A-B036-4662-B28E-D8773353273A}.Debug|x64.Build.0 = Debug|Any CPU
		{474BFA2A-B036-4662-B28E-D8773353273A}.Debug|x86.ActiveCfg = Debug|Any CPU
		{474BFA2A-B036-4662-B28E-D8773353273A}.Debug|x86.Build.0 = Debug|Any CPU
		{474BFA2A-B036-4662-B28E-D8773353273A}.Release|Any CPU.ActiveCfg = Release|Any CPU
		{474BFA2A-B036-4662-B28E-D8773353273A}.Release|Any CPU.Build.0 = Release|Any CPU
		{474BFA2A-B036-4662-B28E-D8773353273A}.Release|x64.ActiveCfg = Release|Any CPU
		{474BFA2A-B036-4662-B28E-D8773353273A}.Release|x64.Build.0 = Release|Any CPU
		{474BFA2A-B036-4662-B28E-D8773353273A}.Release|x86.ActiveCfg = Release|Any CPU
		{474BFA2A-B036-4662-B28E-D8773353273A}.Release|x86.Build.0 = Release|Any CPU
		{500E7086-283D-1BC9-BBFD-A254980B8113}.Debug|Any CPU.ActiveCfg = Debug|Any CPU
		{500E7086-283D-1BC9-BBFD-A254980B8113}.Debug|Any CPU.Build.0 = Debug|Any CPU
		{500E7086-283D-1BC9-BBFD-A254980B8113}.Debug|x64.ActiveCfg = Debug|Any CPU
		{500E7086-283D-1BC9-BBFD-A254980B8113}.Debug|x64.Build.0 = Debug|Any CPU
		{500E7086-283D-1BC9-BBFD-A254980B8113}.Debug|x86.ActiveCfg = Debug|Any CPU
		{500E7086-283D-1BC9-BBFD-A254980B8113}.Debug|x86.Build.0 = Debug|Any CPU
		{500E7086-283D-1BC9-BBFD-A254980B8113}.Release|Any CPU.ActiveCfg = Release|Any CPU
		{500E7086-283D-1BC9-BBFD-A254980B8113}.Release|Any CPU.Build.0 = Release|Any CPU
		{500E7086-283D-1BC9-BBFD-A254980B8113}.Release|x64.ActiveCfg = Release|Any CPU
		{500E7086-283D-1BC9-BBFD-A254980B8113}.Release|x64.Build.0 = Release|Any CPU
		{500E7086-283D-1BC9-BBFD-A254980B8113}.Release|x86.ActiveCfg = Release|Any CPU
		{500E7086-283D-1BC9-BBFD-A254980B8113}.Release|x86.Build.0 = Release|Any CPU
		{8D377D63-1E1C-4653-A468-3CD393438E9C}.Debug|Any CPU.ActiveCfg = Debug|Any CPU
		{8D377D63-1E1C-4653-A468-3CD393438E9C}.Debug|Any CPU.Build.0 = Debug|Any CPU
		{8D377D63-1E1C-4653-A468-3CD393438E9C}.Debug|x64.ActiveCfg = Debug|Any CPU
		{8D377D63-1E1C-4653-A468-3CD393438E9C}.Debug|x64.Build.0 = Debug|Any CPU
		{8D377D63-1E1C-4653-A468-3CD393438E9C}.Debug|x86.ActiveCfg = Debug|Any CPU
		{8D377D63-1E1C-4653-A468-3CD393438E9C}.Debug|x86.Build.0 = Debug|Any CPU
		{8D377D63-1E1C-4653-A468-3CD393438E9C}.Release|Any CPU.ActiveCfg = Release|Any CPU
		{8D377D63-1E1C-4653-A468-3CD393438E9C}.Release|Any CPU.Build.0 = Release|Any CPU
		{8D377D63-1E1C-4653-A468-3CD393438E9C}.Release|x64.ActiveCfg = Release|Any CPU
		{8D377D63-1E1C-4653-A468-3CD393438E9C}.Release|x64.Build.0 = Release|Any CPU
		{8D377D63-1E1C-4653-A468-3CD393438E9C}.Release|x86.ActiveCfg = Release|Any CPU
		{8D377D63-1E1C-4653-A468-3CD393438E9C}.Release|x86.Build.0 = Release|Any CPU
		{E8F65341-8BA6-4215-9E31-69AAC037746E}.Debug|Any CPU.ActiveCfg = Debug|Any CPU
		{E8F65341-8BA6-4215-9E31-69AAC037746E}.Debug|Any CPU.Build.0 = Debug|Any CPU
		{E8F65341-8BA6-4215-9E31-69AAC037746E}.Debug|x64.ActiveCfg = Debug|Any CPU
		{E8F65341-8BA6-4215-9E31-69AAC037746E}.Debug|x64.Build.0 = Debug|Any CPU
		{E8F65341-8BA6-4215-9E31-69AAC037746E}.Debug|x86.ActiveCfg = Debug|Any CPU
		{E8F65341-8BA6-4215-9E31-69AAC037746E}.Debug|x86.Build.0 = Debug|Any CPU
		{E8F65341-8BA6-4215-9E31-69AAC037746E}.Release|Any CPU.ActiveCfg = Release|Any CPU
		{E8F65341-8BA6-4215-9E31-69AAC037746E}.Release|Any CPU.Build.0 = Release|Any CPU
		{E8F65341-8BA6-4215-9E31-69AAC037746E}.Release|x64.ActiveCfg = Release|Any CPU
		{E8F65341-8BA6-4215-9E31-69AAC037746E}.Release|x64.Build.0 = Release|Any CPU
		{E8F65341-8BA6-4215-9E31-69AAC037746E}.Release|x86.ActiveCfg = Release|Any CPU
		{E8F65341-8BA6-4215-9E31-69AAC037746E}.Release|x86.Build.0 = Release|Any CPU
		{132CF79C-F2D4-4C13-B9F7-F4C90177195A}.Debug|Any CPU.ActiveCfg = Debug|Any CPU
		{132CF79C-F2D4-4C13-B9F7-F4C90177195A}.Debug|Any CPU.Build.0 = Debug|Any CPU
		{132CF79C-F2D4-4C13-B9F7-F4C90177195A}.Debug|x64.ActiveCfg = Debug|Any CPU
		{132CF79C-F2D4-4C13-B9F7-F4C90177195A}.Debug|x64.Build.0 = Debug|Any CPU
		{132CF79C-F2D4-4C13-B9F7-F4C90177195A}.Debug|x86.ActiveCfg = Debug|Any CPU
		{132CF79C-F2D4-4C13-B9F7-F4C90177195A}.Debug|x86.Build.0 = Debug|Any CPU
		{132CF79C-F2D4-4C13-B9F7-F4C90177195A}.Release|Any CPU.ActiveCfg = Release|Any CPU
		{132CF79C-F2D4-4C13-B9F7-F4C90177195A}.Release|Any CPU.Build.0 = Release|Any CPU
		{132CF79C-F2D4-4C13-B9F7-F4C90177195A}.Release|x64.ActiveCfg = Release|Any CPU
		{132CF79C-F2D4-4C13-B9F7-F4C90177195A}.Release|x64.Build.0 = Release|Any CPU
		{132CF79C-F2D4-4C13-B9F7-F4C90177195A}.Release|x86.ActiveCfg = Release|Any CPU
		{132CF79C-F2D4-4C13-B9F7-F4C90177195A}.Release|x86.Build.0 = Release|Any CPU
		{1994CD18-1537-4772-88A6-06128C499955}.Debug|Any CPU.ActiveCfg = Debug|Any CPU
		{1994CD18-1537-4772-88A6-06128C499955}.Debug|Any CPU.Build.0 = Debug|Any CPU
		{1994CD18-1537-4772-88A6-06128C499955}.Debug|x64.ActiveCfg = Debug|Any CPU
		{1994CD18-1537-4772-88A6-06128C499955}.Debug|x64.Build.0 = Debug|Any CPU
		{1994CD18-1537-4772-88A6-06128C499955}.Debug|x86.ActiveCfg = Debug|Any CPU
		{1994CD18-1537-4772-88A6-06128C499955}.Debug|x86.Build.0 = Debug|Any CPU
		{1994CD18-1537-4772-88A6-06128C499955}.Release|Any CPU.ActiveCfg = Release|Any CPU
		{1994CD18-1537-4772-88A6-06128C499955}.Release|Any CPU.Build.0 = Release|Any CPU
		{1994CD18-1537-4772-88A6-06128C499955}.Release|x64.ActiveCfg = Release|Any CPU
		{1994CD18-1537-4772-88A6-06128C499955}.Release|x64.Build.0 = Release|Any CPU
		{1994CD18-1537-4772-88A6-06128C499955}.Release|x86.ActiveCfg = Release|Any CPU
		{1994CD18-1537-4772-88A6-06128C499955}.Release|x86.Build.0 = Release|Any CPU
		{210E2FCC-027D-4E19-A00B-33CA15CD00B6}.Debug|Any CPU.ActiveCfg = Debug|Any CPU
		{210E2FCC-027D-4E19-A00B-33CA15CD00B6}.Debug|Any CPU.Build.0 = Debug|Any CPU
		{210E2FCC-027D-4E19-A00B-33CA15CD00B6}.Debug|x64.ActiveCfg = Debug|Any CPU
		{210E2FCC-027D-4E19-A00B-33CA15CD00B6}.Debug|x64.Build.0 = Debug|Any CPU
		{210E2FCC-027D-4E19-A00B-33CA15CD00B6}.Debug|x86.ActiveCfg = Debug|Any CPU
		{210E2FCC-027D-4E19-A00B-33CA15CD00B6}.Debug|x86.Build.0 = Debug|Any CPU
		{210E2FCC-027D-4E19-A00B-33CA15CD00B6}.Release|Any CPU.ActiveCfg = Release|Any CPU
		{210E2FCC-027D-4E19-A00B-33CA15CD00B6}.Release|Any CPU.Build.0 = Release|Any CPU
		{210E2FCC-027D-4E19-A00B-33CA15CD00B6}.Release|x64.ActiveCfg = Release|Any CPU
		{210E2FCC-027D-4E19-A00B-33CA15CD00B6}.Release|x64.Build.0 = Release|Any CPU
		{210E2FCC-027D-4E19-A00B-33CA15CD00B6}.Release|x86.ActiveCfg = Release|Any CPU
		{210E2FCC-027D-4E19-A00B-33CA15CD00B6}.Release|x86.Build.0 = Release|Any CPU
		{8B230633-D466-EA1E-1415-AEB29B489B55}.Debug|Any CPU.ActiveCfg = Debug|Any CPU
		{8B230633-D466-EA1E-1415-AEB29B489B55}.Debug|Any CPU.Build.0 = Debug|Any CPU
		{8B230633-D466-EA1E-1415-AEB29B489B55}.Debug|x64.ActiveCfg = Debug|Any CPU
		{8B230633-D466-EA1E-1415-AEB29B489B55}.Debug|x64.Build.0 = Debug|Any CPU
		{8B230633-D466-EA1E-1415-AEB29B489B55}.Debug|x86.ActiveCfg = Debug|Any CPU
		{8B230633-D466-EA1E-1415-AEB29B489B55}.Debug|x86.Build.0 = Debug|Any CPU
		{8B230633-D466-EA1E-1415-AEB29B489B55}.Release|Any CPU.ActiveCfg = Release|Any CPU
		{8B230633-D466-EA1E-1415-AEB29B489B55}.Release|Any CPU.Build.0 = Release|Any CPU
		{8B230633-D466-EA1E-1415-AEB29B489B55}.Release|x64.ActiveCfg = Release|Any CPU
		{8B230633-D466-EA1E-1415-AEB29B489B55}.Release|x64.Build.0 = Release|Any CPU
		{8B230633-D466-EA1E-1415-AEB29B489B55}.Release|x86.ActiveCfg = Release|Any CPU
		{8B230633-D466-EA1E-1415-AEB29B489B55}.Release|x86.Build.0 = Release|Any CPU
		{31E41D79-9A74-4A52-8C24-1934F2C57CA7}.Debug|Any CPU.ActiveCfg = Debug|Any CPU
		{31E41D79-9A74-4A52-8C24-1934F2C57CA7}.Debug|Any CPU.Build.0 = Debug|Any CPU
		{31E41D79-9A74-4A52-8C24-1934F2C57CA7}.Debug|x64.ActiveCfg = Debug|Any CPU
		{31E41D79-9A74-4A52-8C24-1934F2C57CA7}.Debug|x64.Build.0 = Debug|Any CPU
		{31E41D79-9A74-4A52-8C24-1934F2C57CA7}.Debug|x86.ActiveCfg = Debug|Any CPU
		{31E41D79-9A74-4A52-8C24-1934F2C57CA7}.Debug|x86.Build.0 = Debug|Any CPU
		{31E41D79-9A74-4A52-8C24-1934F2C57CA7}.Release|Any CPU.ActiveCfg = Release|Any CPU
		{31E41D79-9A74-4A52-8C24-1934F2C57CA7}.Release|Any CPU.Build.0 = Release|Any CPU
		{31E41D79-9A74-4A52-8C24-1934F2C57CA7}.Release|x64.ActiveCfg = Release|Any CPU
		{31E41D79-9A74-4A52-8C24-1934F2C57CA7}.Release|x64.Build.0 = Release|Any CPU
		{31E41D79-9A74-4A52-8C24-1934F2C57CA7}.Release|x86.ActiveCfg = Release|Any CPU
		{31E41D79-9A74-4A52-8C24-1934F2C57CA7}.Release|x86.Build.0 = Release|Any CPU
		{499675D6-0D92-4654-A2D4-CE0C363B2FAA}.Debug|Any CPU.ActiveCfg = Debug|Any CPU
		{499675D6-0D92-4654-A2D4-CE0C363B2FAA}.Debug|Any CPU.Build.0 = Debug|Any CPU
		{499675D6-0D92-4654-A2D4-CE0C363B2FAA}.Debug|x64.ActiveCfg = Debug|Any CPU
		{499675D6-0D92-4654-A2D4-CE0C363B2FAA}.Debug|x64.Build.0 = Debug|Any CPU
		{499675D6-0D92-4654-A2D4-CE0C363B2FAA}.Debug|x86.ActiveCfg = Debug|Any CPU
		{499675D6-0D92-4654-A2D4-CE0C363B2FAA}.Debug|x86.Build.0 = Debug|Any CPU
		{499675D6-0D92-4654-A2D4-CE0C363B2FAA}.Release|Any CPU.ActiveCfg = Release|Any CPU
		{499675D6-0D92-4654-A2D4-CE0C363B2FAA}.Release|Any CPU.Build.0 = Release|Any CPU
		{499675D6-0D92-4654-A2D4-CE0C363B2FAA}.Release|x64.ActiveCfg = Release|Any CPU
		{499675D6-0D92-4654-A2D4-CE0C363B2FAA}.Release|x64.Build.0 = Release|Any CPU
		{499675D6-0D92-4654-A2D4-CE0C363B2FAA}.Release|x86.ActiveCfg = Release|Any CPU
		{499675D6-0D92-4654-A2D4-CE0C363B2FAA}.Release|x86.Build.0 = Release|Any CPU
		{72CC567E-E9FB-4361-BFD8-B19BC0E5C1AA}.Debug|Any CPU.ActiveCfg = Debug|Any CPU
		{72CC567E-E9FB-4361-BFD8-B19BC0E5C1AA}.Debug|Any CPU.Build.0 = Debug|Any CPU
		{72CC567E-E9FB-4361-BFD8-B19BC0E5C1AA}.Debug|x64.ActiveCfg = Debug|Any CPU
		{72CC567E-E9FB-4361-BFD8-B19BC0E5C1AA}.Debug|x64.Build.0 = Debug|Any CPU
		{72CC567E-E9FB-4361-BFD8-B19BC0E5C1AA}.Debug|x86.ActiveCfg = Debug|Any CPU
		{72CC567E-E9FB-4361-BFD8-B19BC0E5C1AA}.Debug|x86.Build.0 = Debug|Any CPU
		{72CC567E-E9FB-4361-BFD8-B19BC0E5C1AA}.Release|Any CPU.ActiveCfg = Release|Any CPU
		{72CC567E-E9FB-4361-BFD8-B19BC0E5C1AA}.Release|Any CPU.Build.0 = Release|Any CPU
		{72CC567E-E9FB-4361-BFD8-B19BC0E5C1AA}.Release|x64.ActiveCfg = Release|Any CPU
		{72CC567E-E9FB-4361-BFD8-B19BC0E5C1AA}.Release|x64.Build.0 = Release|Any CPU
		{72CC567E-E9FB-4361-BFD8-B19BC0E5C1AA}.Release|x86.ActiveCfg = Release|Any CPU
		{72CC567E-E9FB-4361-BFD8-B19BC0E5C1AA}.Release|x86.Build.0 = Release|Any CPU
		{029584A5-46E4-436D-B2EC-837E13D09E13}.Debug|Any CPU.ActiveCfg = Debug|Any CPU
		{029584A5-46E4-436D-B2EC-837E13D09E13}.Debug|Any CPU.Build.0 = Debug|Any CPU
		{029584A5-46E4-436D-B2EC-837E13D09E13}.Debug|x64.ActiveCfg = Debug|Any CPU
		{029584A5-46E4-436D-B2EC-837E13D09E13}.Debug|x64.Build.0 = Debug|Any CPU
		{029584A5-46E4-436D-B2EC-837E13D09E13}.Debug|x86.ActiveCfg = Debug|Any CPU
		{029584A5-46E4-436D-B2EC-837E13D09E13}.Debug|x86.Build.0 = Debug|Any CPU
		{029584A5-46E4-436D-B2EC-837E13D09E13}.Release|Any CPU.ActiveCfg = Release|Any CPU
		{029584A5-46E4-436D-B2EC-837E13D09E13}.Release|Any CPU.Build.0 = Release|Any CPU
		{029584A5-46E4-436D-B2EC-837E13D09E13}.Release|x64.ActiveCfg = Release|Any CPU
		{029584A5-46E4-436D-B2EC-837E13D09E13}.Release|x64.Build.0 = Release|Any CPU
		{029584A5-46E4-436D-B2EC-837E13D09E13}.Release|x86.ActiveCfg = Release|Any CPU
		{029584A5-46E4-436D-B2EC-837E13D09E13}.Release|x86.Build.0 = Release|Any CPU
		{5DA0FF80-8371-4BDF-BD66-B7CB4A306CB6}.Debug|Any CPU.ActiveCfg = Debug|Any CPU
		{5DA0FF80-8371-4BDF-BD66-B7CB4A306CB6}.Debug|Any CPU.Build.0 = Debug|Any CPU
		{5DA0FF80-8371-4BDF-BD66-B7CB4A306CB6}.Debug|x64.ActiveCfg = Debug|Any CPU
		{5DA0FF80-8371-4BDF-BD66-B7CB4A306CB6}.Debug|x64.Build.0 = Debug|Any CPU
		{5DA0FF80-8371-4BDF-BD66-B7CB4A306CB6}.Debug|x86.ActiveCfg = Debug|Any CPU
		{5DA0FF80-8371-4BDF-BD66-B7CB4A306CB6}.Debug|x86.Build.0 = Debug|Any CPU
		{5DA0FF80-8371-4BDF-BD66-B7CB4A306CB6}.Release|Any CPU.ActiveCfg = Release|Any CPU
		{5DA0FF80-8371-4BDF-BD66-B7CB4A306CB6}.Release|Any CPU.Build.0 = Release|Any CPU
		{5DA0FF80-8371-4BDF-BD66-B7CB4A306CB6}.Release|x64.ActiveCfg = Release|Any CPU
		{5DA0FF80-8371-4BDF-BD66-B7CB4A306CB6}.Release|x64.Build.0 = Release|Any CPU
		{5DA0FF80-8371-4BDF-BD66-B7CB4A306CB6}.Release|x86.ActiveCfg = Release|Any CPU
		{5DA0FF80-8371-4BDF-BD66-B7CB4A306CB6}.Release|x86.Build.0 = Release|Any CPU
		{CFFE8A88-3620-4A90-942C-88A184330E19}.Debug|Any CPU.ActiveCfg = Debug|Any CPU
		{CFFE8A88-3620-4A90-942C-88A184330E19}.Debug|Any CPU.Build.0 = Debug|Any CPU
		{CFFE8A88-3620-4A90-942C-88A184330E19}.Debug|x64.ActiveCfg = Debug|Any CPU
		{CFFE8A88-3620-4A90-942C-88A184330E19}.Debug|x64.Build.0 = Debug|Any CPU
		{CFFE8A88-3620-4A90-942C-88A184330E19}.Debug|x86.ActiveCfg = Debug|Any CPU
		{CFFE8A88-3620-4A90-942C-88A184330E19}.Debug|x86.Build.0 = Debug|Any CPU
		{CFFE8A88-3620-4A90-942C-88A184330E19}.Release|Any CPU.ActiveCfg = Release|Any CPU
		{CFFE8A88-3620-4A90-942C-88A184330E19}.Release|Any CPU.Build.0 = Release|Any CPU
		{CFFE8A88-3620-4A90-942C-88A184330E19}.Release|x64.ActiveCfg = Release|Any CPU
		{CFFE8A88-3620-4A90-942C-88A184330E19}.Release|x64.Build.0 = Release|Any CPU
		{CFFE8A88-3620-4A90-942C-88A184330E19}.Release|x86.ActiveCfg = Release|Any CPU
		{CFFE8A88-3620-4A90-942C-88A184330E19}.Release|x86.Build.0 = Release|Any CPU
		{CB7B1987-AA3A-40C2-B002-E904AC70FE33}.Debug|Any CPU.ActiveCfg = Debug|Any CPU
		{CB7B1987-AA3A-40C2-B002-E904AC70FE33}.Debug|Any CPU.Build.0 = Debug|Any CPU
		{CB7B1987-AA3A-40C2-B002-E904AC70FE33}.Debug|x64.ActiveCfg = Debug|Any CPU
		{CB7B1987-AA3A-40C2-B002-E904AC70FE33}.Debug|x64.Build.0 = Debug|Any CPU
		{CB7B1987-AA3A-40C2-B002-E904AC70FE33}.Debug|x86.ActiveCfg = Debug|Any CPU
		{CB7B1987-AA3A-40C2-B002-E904AC70FE33}.Debug|x86.Build.0 = Debug|Any CPU
		{CB7B1987-AA3A-40C2-B002-E904AC70FE33}.Release|Any CPU.ActiveCfg = Release|Any CPU
		{CB7B1987-AA3A-40C2-B002-E904AC70FE33}.Release|Any CPU.Build.0 = Release|Any CPU
		{CB7B1987-AA3A-40C2-B002-E904AC70FE33}.Release|x64.ActiveCfg = Release|Any CPU
		{CB7B1987-AA3A-40C2-B002-E904AC70FE33}.Release|x64.Build.0 = Release|Any CPU
		{CB7B1987-AA3A-40C2-B002-E904AC70FE33}.Release|x86.ActiveCfg = Release|Any CPU
		{CB7B1987-AA3A-40C2-B002-E904AC70FE33}.Release|x86.Build.0 = Release|Any CPU
		{E33CF383-EA70-4BF2-8B97-370C12E699A5}.Debug|Any CPU.ActiveCfg = Debug|Any CPU
		{E33CF383-EA70-4BF2-8B97-370C12E699A5}.Debug|Any CPU.Build.0 = Debug|Any CPU
		{E33CF383-EA70-4BF2-8B97-370C12E699A5}.Debug|x64.ActiveCfg = Debug|Any CPU
		{E33CF383-EA70-4BF2-8B97-370C12E699A5}.Debug|x64.Build.0 = Debug|Any CPU
		{E33CF383-EA70-4BF2-8B97-370C12E699A5}.Debug|x86.ActiveCfg = Debug|Any CPU
		{E33CF383-EA70-4BF2-8B97-370C12E699A5}.Debug|x86.Build.0 = Debug|Any CPU
		{E33CF383-EA70-4BF2-8B97-370C12E699A5}.Release|Any CPU.ActiveCfg = Release|Any CPU
		{E33CF383-EA70-4BF2-8B97-370C12E699A5}.Release|Any CPU.Build.0 = Release|Any CPU
		{E33CF383-EA70-4BF2-8B97-370C12E699A5}.Release|x64.ActiveCfg = Release|Any CPU
		{E33CF383-EA70-4BF2-8B97-370C12E699A5}.Release|x64.Build.0 = Release|Any CPU
		{E33CF383-EA70-4BF2-8B97-370C12E699A5}.Release|x86.ActiveCfg = Release|Any CPU
		{E33CF383-EA70-4BF2-8B97-370C12E699A5}.Release|x86.Build.0 = Release|Any CPU
	EndGlobalSection
	GlobalSection(SolutionProperties) = preSolution
		HideSolutionNode = FALSE
	EndGlobalSection
	GlobalSection(NestedProjects) = preSolution
		{3C525DB2-DC43-44D2-B88F-95C2CAEE2D23} = {DE241CCF-9BC6-4F8C-9E86-52C9ED4F7468}
		{1AFDB499-FC20-45F4-8B93-0976B3D0DE40} = {019F5A8A-E7A1-4FC5-B48B-60F4B99BA6DD}
		{474BFA2A-B036-4662-B28E-D8773353273A} = {019F5A8A-E7A1-4FC5-B48B-60F4B99BA6DD}
		{500E7086-283D-1BC9-BBFD-A254980B8113} = {AE9C4A53-80F3-4A99-A99F-E80DE81615B6}
		{8D377D63-1E1C-4653-A468-3CD393438E9C} = {019F5A8A-E7A1-4FC5-B48B-60F4B99BA6DD}
		{E8F65341-8BA6-4215-9E31-69AAC037746E} = {2B41BF8D-60FC-4390-A995-9D9CE1F9AC9D}
		{132CF79C-F2D4-4C13-B9F7-F4C90177195A} = {4B7CBEDC-CEFD-4A1E-843A-29AE14217C12}
		{1994CD18-1537-4772-88A6-06128C499955} = {4B7CBEDC-CEFD-4A1E-843A-29AE14217C12}
		{210E2FCC-027D-4E19-A00B-33CA15CD00B6} = {2B41BF8D-60FC-4390-A995-9D9CE1F9AC9D}
		{8B230633-D466-EA1E-1415-AEB29B489B55} = {019F5A8A-E7A1-4FC5-B48B-60F4B99BA6DD}
		{31E41D79-9A74-4A52-8C24-1934F2C57CA7} = {019F5A8A-E7A1-4FC5-B48B-60F4B99BA6DD}
		{499675D6-0D92-4654-A2D4-CE0C363B2FAA} = {019F5A8A-E7A1-4FC5-B48B-60F4B99BA6DD}
		{72CC567E-E9FB-4361-BFD8-B19BC0E5C1AA} = {5BFE56AA-5A28-4F3A-8AED-5AAF851F4468}
		{029584A5-46E4-436D-B2EC-837E13D09E13} = {5BFE56AA-5A28-4F3A-8AED-5AAF851F4468}
		{5DA0FF80-8371-4BDF-BD66-B7CB4A306CB6} = {E658381E-E2B2-4E16-A9C6-ADC0BDB16834}
		{CFFE8A88-3620-4A90-942C-88A184330E19} = {019F5A8A-E7A1-4FC5-B48B-60F4B99BA6DD}
		{CB7B1987-AA3A-40C2-B002-E904AC70FE33} = {AE9C4A53-80F3-4A99-A99F-E80DE81615B6}
		{E33CF383-EA70-4BF2-8B97-370C12E699A5} = {AE9C4A53-80F3-4A99-A99F-E80DE81615B6}
	EndGlobalSection
	GlobalSection(ExtensibilityGlobals) = postSolution
		SolutionGuid = {AFFAE6E7-5465-4528-8B81-E3495A200B9D}
	EndGlobalSection
EndGlobal
